Microsoft Visual Studio Solution File, Format Version 12.00
# Visual Studio Version 17
VisualStudioVersion = 17.5.2.0
MinimumVisualStudioVersion = 10.0.40219.1
Project("{FAE04EC0-301F-11D3-BF4B-00C04F79EFBC}") = "Logistics.IdentityServer", "Logistics.IdentityServer.csproj", "{1D6A59A5-329A-5A17-61F3-18F79CCAADA5}"
EndProject
Global
	GlobalSection(SolutionConfigurationPlatforms) = preSolution
		Debug|Any CPU = Debug|Any CPU
		Release|Any CPU = Release|Any CPU
	EndGlobalSection
	GlobalSection(ProjectConfigurationPlatforms) = postSolution
		{1D6A59A5-329A-5A17-61F3-18F79CCAADA5}.Debug|Any CPU.ActiveCfg = Debug|Any CPU
		{1D6A59A5-329A-5A17-61F3-18F79CCAADA5}.Debug|Any CPU.Build.0 = Debug|Any CPU
		{1D6A59A5-329A-5A17-61F3-18F79CCAADA5}.Release|Any CPU.ActiveCfg = Release|Any CPU
		{1D6A59A5-329A-5A17-61F3-18F79CCAADA5}.Release|Any CPU.Build.0 = Release|Any CPU
	EndGlobalSection
	GlobalSection(SolutionProperties) = preSolution
		HideSolutionNode = FALSE
	EndGlobalSection
	GlobalSection(ExtensibilityGlobals) = postSolution
		SolutionGuid = {494E079A-D109-4B82-A528-C668CCA85529}
	EndGlobalSection
EndGlobal
